// !$*UTF8*$!
{archiveVersion = 1; classes = {}; objectVersion = 56; objects = {
3516A9617BADF97EA91F8119 = {isa = PBXFileReference; lastKnownFileType = sourcecode.swift; path = "CodexM/App/CodexMApp.swift"; sourceTree = "<group>";};
B504B1A0429740A3ED42533D = {isa = PBXBuildFile; fileRef = 3516A9617BADF97EA91F8119;};
11F76502F3AC244E724F0194 = {isa = PBXFileReference; lastKnownFileType = sourcecode.swift; path = "CodexM/App/CodexMCommands.swift"; sourceTree = "<group>";};
551DA842A48D6777B3D6A37D = {isa = PBXBuildFile; fileRef = 11F76502F3AC244E724F0194;};
DFF8F6F8A6C679CF67CB772A = {isa = PBXFileReference; lastKnownFileType = sourcecode.swift; path = "CodexM/App/Components.swift"; sourceTree = "<group>";};
26837691705A47EEA3A9B0D9 = {isa = PBXBuildFile; fileRef = DFF8F6F8A6C679CF67CB772A;};
D31009133B32D70C5C81872A = {isa = PBXFileReference; lastKnownFileType = sourcecode.swift; path = "CodexM/App/DashboardToolbar.swift"; sourceTree = "<group>";};
E97DE75AC764DC1458C36E68 = {isa = PBXBuildFile; fileRef = D31009133B32D70C5C81872A;};
52B74B1A1293ACE195EF3609 = {isa = PBXFileReference; lastKnownFileType = sourcecode.swift; path = "CodexM/App/DashboardView.swift"; sourceTree = "<group>";};
48FB0F68B51CC0E8376FCC35 = {isa = PBXBuildFile; fileRef = 52B74B1A1293ACE195EF3609;};
3B6271F71479DE971FCB4FF7 = {isa = PBXFileReference; lastKnownFileType = sourcecode.swift; path = "CodexM/App/HandoffView.swift"; sourceTree = "<group>";};
CF231B6651965FEE3B6AC061 = {isa = PBXBuildFile; fileRef = 3B6271F71479DE971FCB4FF7;};
FFACF1409A9380DD0A15551B = {isa = PBXFileReference; lastKnownFileType = sourcecode.swift; path = "CodexM/App/HoverTooltip.swift"; sourceTree = "<group>";};
EC3E2A342F4EB05BAF59B93D = {isa = PBXBuildFile; fileRef = FFACF1409A9380DD0A15551B;};
9AB30CECCECA497219FDECF7 = {isa = PBXFileReference; lastKnownFileType = sourcecode.swift; path = "CodexM/App/MenuBarView.swift"; sourceTree = "<group>";};
F8D2DDDDCA8065B34F406B7B = {isa = PBXBuildFile; fileRef = 9AB30CECCECA497219FDECF7;};
FBE40FE6D7C6DC9EF7E01A52 = {isa = PBXFileReference; lastKnownFileType = sourcecode.swift; path = "CodexM/App/ProfileCard.swift"; sourceTree = "<group>";};
8ACF8281B778B4659E718875 = {isa = PBXBuildFile; fileRef = FBE40FE6D7C6DC9EF7E01A52;};
06A2CEA334A277ACC8907B10 = {isa = PBXFileReference; lastKnownFileType = sourcecode.swift; path = "CodexM/App/ProfileEditor.swift"; sourceTree = "<group>";};
0DFBC10E3BE1264C190F202A = {isa = PBXBuildFile; fileRef = 06A2CEA334A277ACC8907B10;};
A6810111173BD288C0821F00 = {isa = PBXFileReference; lastKnownFileType = sourcecode.swift; path = "CodexM/App/ProfileMenuButton.swift"; sourceTree = "<group>";};
B0787C08C5CE4EAA7F77557D = {isa = PBXBuildFile; fileRef = A6810111173BD288C0821F00;};
69EE9558D98E48F8E6C04663 = {isa = PBXFileReference; lastKnownFileType = sourcecode.swift; path = "CodexM/App/SettingsView.swift"; sourceTree = "<group>";};
C2983F1CA970EC238EE48AA2 = {isa = PBXBuildFile; fileRef = 69EE9558D98E48F8E6C04663;};
C6B7E77A111FB77E47351535 = {isa = PBXFileReference; lastKnownFileType = sourcecode.swift; path = "CodexM/App/WindowHighlight.swift"; sourceTree = "<group>";};
7D312AFDC7257DDBBB59F523 = {isa = PBXBuildFile; fileRef = C6B7E77A111FB77E47351535;};
86E2E8EAC60FF0847C32D650 = {isa = PBXFileReference; lastKnownFileType = sourcecode.swift; path = "CodexM/Core/AppModel.swift"; sourceTree = "<group>";};
DFA63436AD2776881D8BCCA8 = {isa = PBXBuildFile; fileRef = 86E2E8EAC60FF0847C32D650;};
E3A7BFEF7584FA9F7474D447 = {isa = PBXFileReference; lastKnownFileType = sourcecode.swift; path = "CodexM/Core/HandoffOperations.swift"; sourceTree = "<group>";};
AC7570457E3D26A7155E9D92 = {isa = PBXBuildFile; fileRef = E3A7BFEF7584FA9F7474D447;};
837EBB6B1D97291B6BACD2D2 = {isa = PBXFileReference; lastKnownFileType = sourcecode.swift; path = "CodexM/Core/InstanceOperations.swift"; sourceTree = "<group>";};
9BA20F405374BD503F051240 = {isa = PBXBuildFile; fileRef = 837EBB6B1D97291B6BACD2D2;};
91225173C0D79476ABE25EE6 = {isa = PBXFileReference; lastKnownFileType = sourcecode.swift; path = "CodexM/Core/Observation.swift"; sourceTree = "<group>";};
7221B3CB9D811A9535FD8842 = {isa = PBXBuildFile; fileRef = 91225173C0D79476ABE25EE6;};
0922407FDE2634D0C6C8038C = {isa = PBXFileReference; lastKnownFileType = sourcecode.swift; path = "CodexM/Core/ProfileOperations.swift"; sourceTree = "<group>";};
08D52C3E5EBCE8F9B92598CD = {isa = PBXBuildFile; fileRef = 0922407FDE2634D0C6C8038C;};
AAE75638246052DB3986A551 = {isa = PBXFileReference; lastKnownFileType = sourcecode.swift; path = "CodexM/Handoff/ContextBuilder.swift"; sourceTree = "<group>";};
82156D5E6531291940E55674 = {isa = PBXBuildFile; fileRef = AAE75638246052DB3986A551;};
3A4D9697FCAF1E8A178C62B9 = {isa = PBXFileReference; lastKnownFileType = sourcecode.swift; path = "CodexM/Handoff/GitContextProvider.swift"; sourceTree = "<group>";};
4349382B713E196230B877A9 = {isa = PBXBuildFile; fileRef = 3A4D9697FCAF1E8A178C62B9;};
F3353D9FBD9BE67D1AA1244B = {isa = PBXFileReference; lastKnownFileType = sourcecode.swift; path = "CodexM/Handoff/HandoffModels.swift"; sourceTree = "<group>";};
AF84A73FDBA1BE23ECDBB70E = {isa = PBXBuildFile; fileRef = F3353D9FBD9BE67D1AA1244B;};
8489A55DB924C2F11161AA7A = {isa = PBXFileReference; lastKnownFileType = sourcecode.swift; path = "CodexM/Handoff/HandoffStore.swift"; sourceTree = "<group>";};
4A1896265D06B05F88407DCB = {isa = PBXBuildFile; fileRef = 8489A55DB924C2F11161AA7A;};
C3318F24814A1CA67309CA97 = {isa = PBXFileReference; lastKnownFileType = sourcecode.swift; path = "CodexM/Handoff/ThreadStore.swift"; sourceTree = "<group>";};
9EF74995AAD0E53E82C5BFCE = {isa = PBXBuildFile; fileRef = C3318F24814A1CA67309CA97;};
972B74F7D29BF8C2C254CC69 = {isa = PBXFileReference; lastKnownFileType = sourcecode.swift; path = "CodexM/Handoff/TranscriptParser.swift"; sourceTree = "<group>";};
3D51C4A55711DC63EA1E60F3 = {isa = PBXBuildFile; fileRef = 972B74F7D29BF8C2C254CC69;};
3D211C8B2DF6DB1423790863 = {isa = PBXFileReference; lastKnownFileType = sourcecode.swift; path = "CodexM/Migration/NativeHistoryLoader.swift"; sourceTree = "<group>";};
594515431B0EBEF8DA3D2B42 = {isa = PBXBuildFile; fileRef = 3D211C8B2DF6DB1423790863;};
0E75C8541B43E408B28EC880 = {isa = PBXFileReference; lastKnownFileType = sourcecode.swift; path = "CodexM/Migration/NativeMigrationCoordinator.swift"; sourceTree = "<group>";};
D7FE9A8B9B0382D42C37B7B7 = {isa = PBXBuildFile; fileRef = 0E75C8541B43E408B28EC880;};
F874F8A31AAAB57B79BABF75 = {isa = PBXFileReference; lastKnownFileType = sourcecode.swift; path = "CodexM/Migration/NativeMigrationFiles.swift"; sourceTree = "<group>";};
F806F0C237CAAD33106CA87E = {isa = PBXBuildFile; fileRef = F874F8A31AAAB57B79BABF75;};
1691048ADC17CC0BEC9B6204 = {isa = PBXFileReference; lastKnownFileType = sourcecode.swift; path = "CodexM/Migration/NativeMigrationModels.swift"; sourceTree = "<group>";};
E141C40010A85ADE5EE3A93F = {isa = PBXBuildFile; fileRef = 1691048ADC17CC0BEC9B6204;};
320693FFCE6A117F5C12E8F4 = {isa = PBXFileReference; lastKnownFileType = sourcecode.swift; path = "CodexM/Models/Models.swift"; sourceTree = "<group>";};
D65830DD8A8A68EA9C67D320 = {isa = PBXBuildFile; fileRef = 320693FFCE6A117F5C12E8F4;};
86AA5C08A68D7C0A56C2D440 = {isa = PBXFileReference; lastKnownFileType = sourcecode.swift; path = "CodexM/Runtime/AuthMonitor.swift"; sourceTree = "<group>";};
508F47480B4937E4A190A391 = {isa = PBXBuildFile; fileRef = 86AA5C08A68D7C0A56C2D440;};
E78177CB574A79F5B1588E17 = {isa = PBXFileReference; lastKnownFileType = sourcecode.swift; path = "CodexM/Runtime/CodexRuntime.swift"; sourceTree = "<group>";};
517886D100EAD36D9F99B722 = {isa = PBXBuildFile; fileRef = E78177CB574A79F5B1588E17;};
C379926DB24BC5BAB2ACB68E = {isa = PBXFileReference; lastKnownFileType = sourcecode.swift; path = "CodexM/Runtime/ProcessProbe.swift"; sourceTree = "<group>";};
4E266DCBF729F09DC3ED32E2 = {isa = PBXBuildFile; fileRef = C379926DB24BC5BAB2ACB68E;};
AD2E7F1F9553E47AF1288357 = {isa = PBXFileReference; lastKnownFileType = sourcecode.swift; path = "CodexM/Runtime/WindowService.swift"; sourceTree = "<group>";};
09A6149D387FAC4DFD74D8C0 = {isa = PBXBuildFile; fileRef = AD2E7F1F9553E47AF1288357;};
4FA65CA318F3B1438D0F985C = {isa = PBXFileReference; lastKnownFileType = sourcecode.swift; path = "CodexM/Storage/ProfileStore.swift"; sourceTree = "<group>";};
59ABD681CB6ACCA6D001D073 = {isa = PBXBuildFile; fileRef = 4FA65CA318F3B1438D0F985C;};
991557F2521ACEA1DD4D4F2C = {isa = PBXFileReference; lastKnownFileType = sourcecode.swift; path = "CodexM/Utilities/Errors.swift"; sourceTree = "<group>";};
98C28A17229644C4A818F28F = {isa = PBXBuildFile; fileRef = 991557F2521ACEA1DD4D4F2C;};
CDECDF30F5E60B9431E7F02D = {isa = PBXFileReference; lastKnownFileType = text.json.xcstrings; path = "CodexM/Resources/Localizable.xcstrings"; sourceTree = "<group>";};
96DC669469BDA64CCB06BB29 = {isa = PBXBuildFile; fileRef = CDECDF30F5E60B9431E7F02D;};
6B409827921CBA743DC2E29F = {isa = PBXFileReference; lastKnownFileType = folder.assetcatalog; path = "CodexM/Resources/Assets.xcassets"; sourceTree = "<group>";};
C00359C4DA53E135E7F111BB = {isa = PBXBuildFile; fileRef = 6B409827921CBA743DC2E29F;};
8326E8631B74EBFC1673CD87 = {isa = PBXFileReference; lastKnownFileType = text; path = "CodexM/Resources/GitHub-Octicons-LICENSE.txt"; sourceTree = "<group>";};
039193E7886D1A940E39406F = {isa = PBXBuildFile; fileRef = 8326E8631B74EBFC1673CD87;};
A8792157CB4F27FB949C035F = {isa = PBXFileReference; explicitFileType = wrapper.application; path = CodexM.app; sourceTree = BUILT_PRODUCTS_DIR;};
0A3E27B8CA818264D75C8D81 = {isa = PBXGroup; children = (A8792157CB4F27FB949C035F); name = Products; sourceTree = "<group>";};
0035FE99EA2940F7FA633A58 = {isa = PBXGroup; children = (3516A9617BADF97EA91F8119,11F76502F3AC244E724F0194,DFF8F6F8A6C679CF67CB772A,D31009133B32D70C5C81872A,52B74B1A1293ACE195EF3609,3B6271F71479DE971FCB4FF7,FFACF1409A9380DD0A15551B,9AB30CECCECA497219FDECF7,FBE40FE6D7C6DC9EF7E01A52,06A2CEA334A277ACC8907B10,A6810111173BD288C0821F00,69EE9558D98E48F8E6C04663,C6B7E77A111FB77E47351535,86E2E8EAC60FF0847C32D650,E3A7BFEF7584FA9F7474D447,837EBB6B1D97291B6BACD2D2,91225173C0D79476ABE25EE6,0922407FDE2634D0C6C8038C,AAE75638246052DB3986A551,3A4D9697FCAF1E8A178C62B9,F3353D9FBD9BE67D1AA1244B,8489A55DB924C2F11161AA7A,C3318F24814A1CA67309CA97,972B74F7D29BF8C2C254CC69,3D211C8B2DF6DB1423790863,0E75C8541B43E408B28EC880,F874F8A31AAAB57B79BABF75,1691048ADC17CC0BEC9B6204,320693FFCE6A117F5C12E8F4,86AA5C08A68D7C0A56C2D440,E78177CB574A79F5B1588E17,C379926DB24BC5BAB2ACB68E,AD2E7F1F9553E47AF1288357,4FA65CA318F3B1438D0F985C,991557F2521ACEA1DD4D4F2C,CDECDF30F5E60B9431E7F02D,6B409827921CBA743DC2E29F,8326E8631B74EBFC1673CD87,0A3E27B8CA818264D75C8D81); sourceTree = "<group>";};
878A52FC5FF6A57D50B7B870 = {isa = PBXSourcesBuildPhase; buildActionMask = 2147483647; files = (B504B1A0429740A3ED42533D,551DA842A48D6777B3D6A37D,26837691705A47EEA3A9B0D9,E97DE75AC764DC1458C36E68,48FB0F68B51CC0E8376FCC35,CF231B6651965FEE3B6AC061,EC3E2A342F4EB05BAF59B93D,F8D2DDDDCA8065B34F406B7B,8ACF8281B778B4659E718875,0DFBC10E3BE1264C190F202A,B0787C08C5CE4EAA7F77557D,C2983F1CA970EC238EE48AA2,7D312AFDC7257DDBBB59F523,DFA63436AD2776881D8BCCA8,AC7570457E3D26A7155E9D92,9BA20F405374BD503F051240,7221B3CB9D811A9535FD8842,08D52C3E5EBCE8F9B92598CD,82156D5E6531291940E55674,4349382B713E196230B877A9,AF84A73FDBA1BE23ECDBB70E,4A1896265D06B05F88407DCB,9EF74995AAD0E53E82C5BFCE,3D51C4A55711DC63EA1E60F3,594515431B0EBEF8DA3D2B42,D7FE9A8B9B0382D42C37B7B7,F806F0C237CAAD33106CA87E,E141C40010A85ADE5EE3A93F,D65830DD8A8A68EA9C67D320,508F47480B4937E4A190A391,517886D100EAD36D9F99B722,4E266DCBF729F09DC3ED32E2,09A6149D387FAC4DFD74D8C0,59ABD681CB6ACCA6D001D073,98C28A17229644C4A818F28F); runOnlyForDeploymentPostprocessing = 0;};
41D311A605520FC7B8B9A980 = {isa = PBXResourcesBuildPhase; buildActionMask = 2147483647; files = (96DC669469BDA64CCB06BB29,C00359C4DA53E135E7F111BB,039193E7886D1A940E39406F); runOnlyForDeploymentPostprocessing = 0;};
E2AA269EB967A8853A258BFA = {isa = PBXFrameworksBuildPhase; buildActionMask = 2147483647; files = (); runOnlyForDeploymentPostprocessing = 0;};
73EBF6644258C120893E685D = {isa = XCBuildConfiguration; name = Debug; buildSettings = {SDKROOT = macosx;MACOSX_DEPLOYMENT_TARGET = 14.0;SWIFT_VERSION = 6.0;CLANG_ENABLE_MODULES = YES;CLANG_ENABLE_OBJC_ARC = YES;SWIFT_STRICT_CONCURRENCY = complete;ENABLE_TESTABILITY = YES;SWIFT_OPTIMIZATION_LEVEL = "-Onone";DEBUG_INFORMATION_FORMAT = "dwarf";SWIFT_ACTIVE_COMPILATION_CONDITIONS = "DEBUG";};};
0B0C687DF8B6B8DC790B519C = {isa = XCBuildConfiguration; name = Release; buildSettings = {SDKROOT = macosx;MACOSX_DEPLOYMENT_TARGET = 14.0;SWIFT_VERSION = 6.0;CLANG_ENABLE_MODULES = YES;CLANG_ENABLE_OBJC_ARC = YES;SWIFT_STRICT_CONCURRENCY = complete;ENABLE_TESTABILITY = YES;SWIFT_OPTIMIZATION_LEVEL = "-O";DEBUG_INFORMATION_FORMAT = "dwarf-with-dsym";SWIFT_ACTIVE_COMPILATION_CONDITIONS = "";};};
A964DD4136F390AFDF0E5FBA = {isa = XCConfigurationList; buildConfigurations = (73EBF6644258C120893E685D,0B0C687DF8B6B8DC790B519C); defaultConfigurationIsVisible = 0; defaultConfigurationName = Release;};
B00CCDD09424E369308D67FA = {isa = XCBuildConfiguration; name = Debug; buildSettings = {PRODUCT_NAME = CodexM;PRODUCT_BUNDLE_IDENTIFIER = dev.codexm.app.debug;INFOPLIST_FILE = "CodexM/Resources/Info.plist";CODE_SIGN_STYLE = Automatic;CODE_SIGN_IDENTITY = "-";ENABLE_APP_SANDBOX = NO;ENABLE_HARDENED_RUNTIME = YES;SWIFT_EMIT_LOC_STRINGS = NO;LD_RUNPATH_SEARCH_PATHS = "$(inherited) @executable_path/../Frameworks";COMBINE_HIDPI_IMAGES = YES;ASSETCATALOG_COMPILER_APPICON_NAME = AppIcon;};};
1B104479E55E37CF8A63CBDF = {isa = XCBuildConfiguration; name = Release; buildSettings = {PRODUCT_NAME = CodexM;PRODUCT_BUNDLE_IDENTIFIER = dev.codexm.app;INFOPLIST_FILE = "CodexM/Resources/Info.plist";CODE_SIGN_STYLE = Automatic;CODE_SIGN_IDENTITY = "-";ENABLE_APP_SANDBOX = NO;ENABLE_HARDENED_RUNTIME = YES;SWIFT_EMIT_LOC_STRINGS = NO;LD_RUNPATH_SEARCH_PATHS = "$(inherited) @executable_path/../Frameworks";COMBINE_HIDPI_IMAGES = YES;ASSETCATALOG_COMPILER_APPICON_NAME = AppIcon;};};
80E7C67FFE7DC5024A6E7392 = {isa = XCConfigurationList; buildConfigurations = (B00CCDD09424E369308D67FA,1B104479E55E37CF8A63CBDF); defaultConfigurationIsVisible = 0; defaultConfigurationName = Release;};
34A04005BCAF206EEC990BD9 = {isa = PBXNativeTarget; buildConfigurationList = 80E7C67FFE7DC5024A6E7392; buildPhases = (878A52FC5FF6A57D50B7B870,E2AA269EB967A8853A258BFA,41D311A605520FC7B8B9A980); buildRules = (); dependencies = (); name = CodexM; productName = CodexM; productReference = A8792157CB4F27FB949C035F; productType = "com.apple.product-type.application";};
244210E48437B6556980A702 = {isa = PBXProject; attributes = {LastUpgradeCheck = 2600;}; buildConfigurationList = A964DD4136F390AFDF0E5FBA; compatibilityVersion = "Xcode 14.0"; developmentRegion = en; hasScannedForEncodings = 0; knownRegions = (en, "zh-Hans", Base); mainGroup = 0035FE99EA2940F7FA633A58; productRefGroup = 0A3E27B8CA818264D75C8D81; projectDirPath = ""; projectRoot = ""; targets = (34A04005BCAF206EEC990BD9);};
}; rootObject = 244210E48437B6556980A702;}
